
Microsoft Visual Studio Solution File, Format Version 12.00
# Visual Studio Version 17
VisualStudioVersion = 17.14.36414.22 d17.14
MinimumVisualStudioVersion = 10.0.40219.1
Project("{FAE04EC0-301F-11D3-BF4B-00C04F79EFBC}") = "Lab_rab_4_Husainova_R.Z._BPI-23-02", "Lab_rab_4_Husainova_R.Z._BPI-23-02\Lab_rab_4_Husainova_R.Z._BPI-23-02.csproj", "{882C440B-97CE-4986-9EA0-DB517002B95A}"
EndProject
Global
	GlobalSection(SolutionConfigurationPlatforms) = preSolution
		Debug|Any CPU = Debug|Any CPU
		Release|Any CPU = Release|Any CPU
	EndGlobalSection
	GlobalSection(ProjectConfigurationPlatforms) = postSolution
		{882C440B-97CE-4986-9EA0-DB517002B95A}.Debug|Any CPU.ActiveCfg = Debug|Any CPU
		{882C440B-97CE-4986-9EA0-DB517002B95A}.Debug|Any CPU.Build.0 = Debug|Any CPU
		{882C440B-97CE-4986-9EA0-DB517002B95A}.Release|Any CPU.ActiveCfg = Release|Any CPU
		{882C440B-97CE-4986-9EA0-DB517002B95A}.Release|Any CPU.Build.0 = Release|Any CPU
	EndGlobalSection
	GlobalSection(SolutionProperties) = preSolution
		HideSolutionNode = FALSE
	EndGlobalSection
	GlobalSection(ExtensibilityGlobals) = postSolution
		SolutionGuid = {77918B27-142E-411A-92DB-491D07CD18D5}
	EndGlobalSection
EndGlobal
